
Microsoft Visual Studio Solution File, Format Version 12.00
# Visual Studio Version 17
VisualStudioVersion = 17.4.33122.133
MinimumVisualStudioVersion = 10.0.40219.1
Project("{2150E333-8FDC-42A3-9474-1A3956D46DE8}") = "src", "src", "{46C361E2-CFD4-41AF-9788-18DB6853931B}"
EndProject
Project("{2150E333-8FDC-42A3-9474-1A3956D46DE8}") = "tests", "tests", "{237D08DD-6696-4D57-A77D-A28E7F6B12DD}"
EndProject
Project("{2150E333-8FDC-42A3-9474-1A3956D46DE8}") = "Application", "Application", "{8FB490B1-3F33-40F4-81B4-A88365AA999A}"
EndProject
Project("{2150E333-8FDC-42A3-9474-1A3956D46DE8}") = "Domain", "Domain", "{1BDCFD6B-C41B-4C88-A17E-BAF7D2B9B8E4}"
EndProject
Project("{2150E333-8FDC-42A3-9474-1A3956D46DE8}") = "WebAPI", "WebAPI", "{D539F977-E79A-4C6F-B489-ADC100EFE147}"
EndProject
Project("{2150E333-8FDC-42A3-9474-1A3956D46DE8}") = "Infrastructure", "Infrastructure", "{9B3A2574-ED23-48B5-9E02-4395ED583C46}"
EndProject
Project("{9A19103F-16F7-4668-BE54-9A1E7A4F7556}") = "Volvo.CongestionTax.Domain", "src\Domain\Volvo.CongestionTax.Domain\Volvo.CongestionTax.Domain.csproj", "{FB9A550F-4032-401D-A4F5-0598216EDAF2}"
EndProject
Project("{9A19103F-16F7-4668-BE54-9A1E7A4F7556}") = "Volvo.CongestionTax.WebAPI", "src\WebAPI\Volvo.CongestionTax.WebAPI\Volvo.CongestionTax.WebAPI.csproj", "{23E94E86-1156-4D01-8FAD-2609375FE31C}"
EndProject
Project("{9A19103F-16F7-4668-BE54-9A1E7A4F7556}") = "Volvo.CongestionTax.Application", "src\Application\Volvo.CongestionTax.Application\Volvo.CongestionTax.Application.csproj", "{6930F549-D232-4495-8284-7D8D04734D29}"
EndProject
Project("{9A19103F-16F7-4668-BE54-9A1E7A4F7556}") = "Volvo.CongestionTax.WebAPI.IntegrationTests", "tests\Volvo.CongestionTax.WebAPI.IntegrationTests\Volvo.CongestionTax.WebAPI.IntegrationTests.csproj", "{244484D2-8521-407F-B41B-B27300DC24CB}"
EndProject
Project("{9A19103F-16F7-4668-BE54-9A1E7A4F7556}") = "Volvo.CongestionTax.Application.UnitTests", "tests\Volvo.CongestionTax.Application.UnitTests\Volvo.CongestionTax.Application.UnitTests.csproj", "{599C86B6-7B4D-45A5-B5AC-94962A5B9172}"
EndProject
Project("{9A19103F-16F7-4668-BE54-9A1E7A4F7556}") = "Volvo.CongestionTax.Application.IntegrationTests", "tests\Volvo.CongestionTax.Application.IntegrationTests\Volvo.CongestionTax.Application.IntegrationTests.csproj", "{8487B7C6-4763-48BF-93EE-05B82C7797E4}"
EndProject
Project("{9A19103F-16F7-4668-BE54-9A1E7A4F7556}") = "Volvo.CongestionTax.Application.Core", "src\Application\Volvo.CongestionTax.Application.Core\Volvo.CongestionTax.Application.Core.csproj", "{F60001E7-FCA4-45C8-A41C-A45E992CAFA7}"
EndProject
Project("{9A19103F-16F7-4668-BE54-9A1E7A4F7556}") = "Volvo.CongestionTax.Domain.Core", "src\Domain\Volvo.CongestionTax.Domain.Core\Volvo.CongestionTax.Domain.Core.csproj", "{4C11AA04-4C23-4117-9564-24182B5CD371}"
EndProject
Project("{9A19103F-16F7-4668-BE54-9A1E7A4F7556}") = "Volvo.CongestionTax.Data.Core", "src\Infrastructure\Volvo.CongestionTax.Data.Core\Volvo.CongestionTax.Data.Core.csproj", "{99573F57-7AC9-43B3-87A0-7ADEDB14659F}"
EndProject
Project("{9A19103F-16F7-4668-BE54-9A1E7A4F7556}") = "Volvo.CongestionTax.Data.EFCore", "src\Infrastructure\Volvo.CongestionTax.Data.EFCore\Volvo.CongestionTax.Data.EFCore.csproj", "{74A202B1-1D32-4015-99CF-5946F45C201D}"
EndProject
Project("{9A19103F-16F7-4668-BE54-9A1E7A4F7556}") = "Volvo.CongestionTax.Tests.Common", "tests\Volvo.CongestionTax.Tests.Common\Volvo.CongestionTax.Tests.Common.csproj", "{1BA447C1-EFCC-411F-B8AC-107884A40AF9}"
EndProject
Global
	GlobalSection(SolutionConfigurationPlatforms) = preSolution
		Debug|Any CPU = Debug|Any CPU
		Release|Any CPU = Release|Any CPU
	EndGlobalSection
	GlobalSection(ProjectConfigurationPlatforms) = postSolution
		{FB9A550F-4032-401D-A4F5-0598216EDAF2}.Debug|Any CPU.ActiveCfg = Debug|Any CPU
		{FB9A550F-4032-401D-A4F5-0598216EDAF2}.Debug|Any CPU.Build.0 = Debug|Any CPU
		{FB9A550F-4032-401D-A4F5-0598216EDAF2}.Release|Any CPU.ActiveCfg = Release|Any CPU
		{FB9A550F-4032-401D-A4F5-0598216EDAF2}.Release|Any CPU.Build.0 = Release|Any CPU
		{23E94E86-1156-4D01-8FAD-2609375FE31C}.Debug|Any CPU.ActiveCfg = Debug|Any CPU
		{23E94E86-1156-4D01-8FAD-2609375FE31C}.Debug|Any CPU.Build.0 = Debug|Any CPU
		{23E94E86-1156-4D01-8FAD-2609375FE31C}.Release|Any CPU.ActiveCfg = Release|Any CPU
		{23E94E86-1156-4D01-8FAD-2609375FE31C}.Release|Any CPU.Build.0 = Release|Any CPU
		{6930F549-D232-4495-8284-7D8D04734D29}.Debug|Any CPU.ActiveCfg = Debug|Any CPU
		{6930F549-D232-4495-8284-7D8D04734D29}.Debug|Any CPU.Build.0 = Debug|Any CPU
		{6930F549-D232-4495-8284-7D8D04734D29}.Release|Any CPU.ActiveCfg = Release|Any CPU
		{6930F549-D232-4495-8284-7D8D04734D29}.Release|Any CPU.Build.0 = Release|Any CPU
		{244484D2-8521-407F-B41B-B27300DC24CB}.Debug|Any CPU.ActiveCfg = Debug|Any CPU
		{244484D2-8521-407F-B41B-B27300DC24CB}.Debug|Any CPU.Build.0 = Debug|Any CPU
		{244484D2-8521-407F-B41B-B27300DC24CB}.Release|Any CPU.ActiveCfg = Release|Any CPU
		{244484D2-8521-407F-B41B-B27300DC24CB}.Release|Any CPU.Build.0 = Release|Any CPU
		{599C86B6-7B4D-45A5-B5AC-94962A5B9172}.Debug|Any CPU.ActiveCfg = Debug|Any CPU
		{599C86B6-7B4D-45A5-B5AC-94962A5B9172}.Debug|Any CPU.Build.0 = Debug|Any CPU
		{599C86B6-7B4D-45A5-B5AC-94962A5B9172}.Release|Any CPU.ActiveCfg = Release|Any CPU
		{599C86B6-7B4D-45A5-B5AC-94962A5B9172}.Release|Any CPU.Build.0 = Release|Any CPU
		{8487B7C6-4763-48BF-93EE-05B82C7797E4}.Debug|Any CPU.ActiveCfg = Debug|Any CPU
		{8487B7C6-4763-48BF-93EE-05B82C7797E4}.Debug|Any CPU.Build.0 = Debug|Any CPU
		{8487B7C6-4763-48BF-93EE-05B82C7797E4}.Release|Any CPU.ActiveCfg = Release|Any CPU
		{8487B7C6-4763-48BF-93EE-05B82C7797E4}.Release|Any CPU.Build.0 = Release|Any CPU
		{F60001E7-FCA4-45C8-A41C-A45E992CAFA7}.Debug|Any CPU.ActiveCfg = Debug|Any CPU
		{F60001E7-FCA4-45C8-A41C-A45E992CAFA7}.Debug|Any CPU.Build.0 = Debug|Any CPU
		{F60001E7-FCA4-45C8-A41C-A45E992CAFA7}.Release|Any CPU.ActiveCfg = Release|Any CPU
		{F60001E7-FCA4-45C8-A41C-A45E992CAFA7}.Release|Any CPU.Build.0 = Release|Any CPU
		{4C11AA04-4C23-4117-9564-24182B5CD371}.Debug|Any CPU.ActiveCfg = Debug|Any CPU
		{4C11AA04-4C23-4117-9564-24182B5CD371}.Debug|Any CPU.Build.0 = Debug|Any CPU
		{4C11AA04-4C23-4117-9564-24182B5CD371}.Release|Any CPU.ActiveCfg = Release|Any CPU
		{4C11AA04-4C23-4117-9564-24182B5CD371}.Release|Any CPU.Build.0 = Release|Any CPU
		{99573F57-7AC9-43B3-87A0-7ADEDB14659F}.Debug|Any CPU.ActiveCfg = Debug|Any CPU
		{99573F57-7AC9-43B3-87A0-7ADEDB14659F}.Debug|Any CPU.Build.0 = Debug|Any CPU
		{99573F57-7AC9-43B3-87A0-7ADEDB14659F}.Release|Any CPU.ActiveCfg = Release|Any CPU
		{99573F57-7AC9-43B3-87A0-7ADEDB14659F}.Release|Any CPU.Build.0 = Release|Any CPU
		{74A202B1-1D32-4015-99CF-5946F45C201D}.Debug|Any CPU.ActiveCfg = Debug|Any CPU
		{74A202B1-1D32-4015-99CF-5946F45C201D}.Debug|Any CPU.Build.0 = Debug|Any CPU
		{74A202B1-1D32-4015-99CF-5946F45C201D}.Release|Any CPU.ActiveCfg = Release|Any CPU
		{74A202B1-1D32-4015-99CF-5946F45C201D}.Release|Any CPU.Build.0 = Release|Any CPU
		{1BA447C1-EFCC-411F-B8AC-107884A40AF9}.Debug|Any CPU.ActiveCfg = Debug|Any CPU
		{1BA447C1-EFCC-411F-B8AC-107884A40AF9}.Debug|Any CPU.Build.0 = Debug|Any CPU
		{1BA447C1-EFCC-411F-B8AC-107884A40AF9}.Release|Any CPU.ActiveCfg = Release|Any CPU
		{1BA447C1-EFCC-411F-B8AC-107884A40AF9}.Release|Any CPU.Build.0 = Release|Any CPU
	EndGlobalSection
	GlobalSection(SolutionProperties) = preSolution
		HideSolutionNode = FALSE
	EndGlobalSection
	GlobalSection(NestedProjects) = preSolution
		{8FB490B1-3F33-40F4-81B4-A88365AA999A} = {46C361E2-CFD4-41AF-9788-18DB6853931B}
		{1BDCFD6B-C41B-4C88-A17E-BAF7D2B9B8E4} = {46C361E2-CFD4-41AF-9788-18DB6853931B}
		{D539F977-E79A-4C6F-B489-ADC100EFE147} = {46C361E2-CFD4-41AF-9788-18DB6853931B}
		{9B3A2574-ED23-48B5-9E02-4395ED583C46} = {46C361E2-CFD4-41AF-9788-18DB6853931B}
		{FB9A550F-4032-401D-A4F5-0598216EDAF2} = {1BDCFD6B-C41B-4C88-A17E-BAF7D2B9B8E4}
		{23E94E86-1156-4D01-8FAD-2609375FE31C} = {D539F977-E79A-4C6F-B489-ADC100EFE147}
		{6930F549-D232-4495-8284-7D8D04734D29} = {8FB490B1-3F33-40F4-81B4-A88365AA999A}
		{244484D2-8521-407F-B41B-B27300DC24CB} = {237D08DD-6696-4D57-A77D-A28E7F6B12DD}
		{599C86B6-7B4D-45A5-B5AC-94962A5B9172} = {237D08DD-6696-4D57-A77D-A28E7F6B12DD}
		{8487B7C6-4763-48BF-93EE-05B82C7797E4} = {237D08DD-6696-4D57-A77D-A28E7F6B12DD}
		{F60001E7-FCA4-45C8-A41C-A45E992CAFA7} = {8FB490B1-3F33-40F4-81B4-A88365AA999A}
		{4C11AA04-4C23-4117-9564-24182B5CD371} = {1BDCFD6B-C41B-4C88-A17E-BAF7D2B9B8E4}
		{99573F57-7AC9-43B3-87A0-7ADEDB14659F} = {9B3A2574-ED23-48B5-9E02-4395ED583C46}
		{74A202B1-1D32-4015-99CF-5946F45C201D} = {9B3A2574-ED23-48B5-9E02-4395ED583C46}
		{1BA447C1-EFCC-411F-B8AC-107884A40AF9} = {237D08DD-6696-4D57-A77D-A28E7F6B12DD}
	EndGlobalSection
	GlobalSection(ExtensibilityGlobals) = postSolution
		SolutionGuid = {180E05FF-297C-4FF1-99ED-47D33DC8A344}
	EndGlobalSection
EndGlobal
